
Microsoft Visual Studio Solution File, Format Version 12.00
# Visual Studio Version 16
VisualStudioVersion = 16.0.31911.196
MinimumVisualStudioVersion = 10.0.40219.1
Project("{FAE04EC0-301F-11D3-BF4B-00C04F79EFBC}") = "AP204_Static_Extensions_Nullable_Enum", "AP204_Static_Extensions_Nullable_Enum\AP204_Static_Extensions_Nullable_Enum.csproj", "{75CA082C-ADD2-4B1D-A4F2-92DF3245C1A2}"
EndProject
Global
	GlobalSection(SolutionConfigurationPlatforms) = preSolution
		Debug|Any CPU = Debug|Any CPU
		Release|Any CPU = Release|Any CPU
	EndGlobalSection
	GlobalSection(ProjectConfigurationPlatforms) = postSolution
		{75CA082C-ADD2-4B1D-A4F2-92DF3245C1A2}.Debug|Any CPU.ActiveCfg = Debug|Any CPU
		{75CA082C-ADD2-4B1D-A4F2-92DF3245C1A2}.Debug|Any CPU.Build.0 = Debug|Any CPU
		{75CA082C-ADD2-4B1D-A4F2-92DF3245C1A2}.Release|Any CPU.ActiveCfg = Release|Any CPU
		{75CA082C-ADD2-4B1D-A4F2-92DF3245C1A2}.Release|Any CPU.Build.0 = Release|Any CPU
	EndGlobalSection
	GlobalSection(SolutionProperties) = preSolution
		HideSolutionNode = FALSE
	EndGlobalSection
	GlobalSection(ExtensibilityGlobals) = postSolution
		SolutionGuid = {95B11DE2-7322-4D5C-8C66-AEC6856B2795}
	EndGlobalSection
EndGlobal
